
Microsoft Visual Studio Solution File, Format Version 12.00
# Visual Studio Version 17
VisualStudioVersion = 17.9.34701.34
MinimumVisualStudioVersion = 10.0.40219.1
Project("{FAE04EC0-301F-11D3-BF4B-00C04F79EFBC}") = "DVLD", "DVLD.csproj", "{91161BF7-553B-4EF7-9DD0-FDB2EFF8BE1F}"
EndProject
Project("{FAE04EC0-301F-11D3-BF4B-00C04F79EFBC}") = "DVLD_Business", "..\DVLD_Business\DVLD_Business.csproj", "{53658C5A-ADB8-4C48-B3EA-3278297D7C68}"
EndProject
Project("{FAE04EC0-301F-11D3-BF4B-00C04F79EFBC}") = "DVLD_DataAccess", "..\DVLD_DataAccess\DVLD_DataAccess.csproj", "{93DC833E-A08E-4459-BB8D-12BDB30955BE}"
EndProject
Global
	GlobalSection(SolutionConfigurationPlatforms) = preSolution
		Debug|Any CPU = Debug|Any CPU
		Release|Any CPU = Release|Any CPU
	EndGlobalSection
	GlobalSection(ProjectConfigurationPlatforms) = postSolution
		{91161BF7-553B-4EF7-9DD0-FDB2EFF8BE1F}.Debug|Any CPU.ActiveCfg = Debug|Any CPU
		{91161BF7-553B-4EF7-9DD0-FDB2EFF8BE1F}.Debug|Any CPU.Build.0 = Debug|Any CPU
		{91161BF7-553B-4EF7-9DD0-FDB2EFF8BE1F}.Release|Any CPU.ActiveCfg = Release|Any CPU
		{91161BF7-553B-4EF7-9DD0-FDB2EFF8BE1F}.Release|Any CPU.Build.0 = Release|Any CPU
		{53658C5A-ADB8-4C48-B3EA-3278297D7C68}.Debug|Any CPU.ActiveCfg = Debug|Any CPU
		{53658C5A-ADB8-4C48-B3EA-3278297D7C68}.Debug|Any CPU.Build.0 = Debug|Any CPU
		{53658C5A-ADB8-4C48-B3EA-3278297D7C68}.Release|Any CPU.ActiveCfg = Release|Any CPU
		{53658C5A-ADB8-4C48-B3EA-3278297D7C68}.Release|Any CPU.Build.0 = Release|Any CPU
		{93DC833E-A08E-4459-BB8D-12BDB30955BE}.Debug|Any CPU.ActiveCfg = Debug|Any CPU
		{93DC833E-A08E-4459-BB8D-12BDB30955BE}.Debug|Any CPU.Build.0 = Debug|Any CPU
		{93DC833E-A08E-4459-BB8D-12BDB30955BE}.Release|Any CPU.ActiveCfg = Release|Any CPU
		{93DC833E-A08E-4459-BB8D-12BDB30955BE}.Release|Any CPU.Build.0 = Release|Any CPU
	EndGlobalSection
	GlobalSection(SolutionProperties) = preSolution
		HideSolutionNode = FALSE
	EndGlobalSection
	GlobalSection(ExtensibilityGlobals) = postSolution
		SolutionGuid = {C4A1759A-5A48-4B39-A76F-AF95BE6B0535}
	EndGlobalSection
EndGlobal
